
Microsoft Visual Studio Solution File, Format Version 12.00
# Visual Studio 15
VisualStudioVersion = 15.0.28010.2050
MinimumVisualStudioVersion = 10.0.40219.1
Project("{888888A0-9F3D-457C-B088-3A5042F75D52}") = "CharityBlockchain", "CharityBlockchain\CharityBlockchain.pyproj", "{D20EB6EA-B78F-44B1-95FD-71E97B7AFB01}"
EndProject
Global
	GlobalSection(SolutionConfigurationPlatforms) = preSolution
		Debug|Any CPU = Debug|Any CPU
		Release|Any CPU = Release|Any CPU
	EndGlobalSection
	GlobalSection(ProjectConfigurationPlatforms) = postSolution
		{D20EB6EA-B78F-44B1-95FD-71E97B7AFB01}.Debug|Any CPU.ActiveCfg = Debug|Any CPU
		{D20EB6EA-B78F-44B1-95FD-71E97B7AFB01}.Debug|Any CPU.Build.0 = Debug|Any CPU
		{D20EB6EA-B78F-44B1-95FD-71E97B7AFB01}.Release|Any CPU.ActiveCfg = Release|Any CPU
		{D20EB6EA-B78F-44B1-95FD-71E97B7AFB01}.Release|Any CPU.Build.0 = Release|Any CPU
	EndGlobalSection
	GlobalSection(SolutionProperties) = preSolution
		HideSolutionNode = FALSE
	EndGlobalSection
	GlobalSection(ExtensibilityGlobals) = postSolution
		SolutionGuid = {8F6CD33D-591F-4690-ACE0-C4C41FF39E22}
	EndGlobalSection
EndGlobal
